{
  "name": "@muniz/cli",
  "version": "1.0.0",
  "lockfileVersion": 1,
  "requires": true,
  "dependencies": {
    "@babel/code-frame": {
      "version": "7.10.4",
      "resolved": "https://registry.npm.taobao.org/@babel/code-frame/download/@babel/code-frame-7.10.4.tgz",
      "integrity": "sha1-Fo2ho26Q2miujUnA8bSMfGJJITo=",
      "requires": {
        "@babel/highlight": "^7.10.4"
      }
    },
    "@babel/helper-validator-identifier": {
      "version": "7.10.4",
      "resolved": "https://registry.npm.taobao.org/@babel/helper-validator-identifier/download/@babel/helper-validator-identifier-7.10.4.tgz?cache=0&sync_timestamp=1593522720715&other_urls=https%3A%2F%2Fregistry.npm.taobao.org%2F%40babel%2Fhelper-validator-identifier%2Fdownload%2F%40babel%2Fhelper-validator-identifier-7.10.4.tgz",
      "integrity": "sha1-p4x6clHgH2FlEtMbEK3PUq2l4NI="
    },
    "@babel/highlight": {
      "version": "7.10.4",
      "resolved": "https://registry.npm.taobao.org/@babel/highlight/download/@babel/highlight-7.10.4.tgz?cache=0&sync_timestamp=1593522818552&other_urls=https%3A%2F%2Fregistry.npm.taobao.org%2F%40babel%2Fhighlight%2Fdownload%2F%40babel%2Fhighlight-7.10.4.tgz",
      "integrity": "sha1-fRvf1ldTU4+r5sOFls23bZrGAUM=",
      "requires": {
        "@babel/helper-validator-identifier": "^7.10.4",
        "chalk": "^2.0.0",
        "js-tokens": "^4.0.0"
      },
      "dependencies": {
        "ansi-styles": {
          "version": "3.2.1",
          "resolved": "https://registry.npm.taobao.org/ansi-styles/download/ansi-styles-3.2.1.tgz",
          "integrity": "sha1-QfuyAkPlCxK+DwS43tvwdSDOhB0=",
          "requires": {
            "color-convert": "^1.9.0"
          }
        },
        "chalk": {
          "version": "2.4.2",
          "resolved": "https://registry.npm.taobao.org/chalk/download/chalk-2.4.2.tgz?cache=0&sync_timestamp=1591687042638&other_urls=https%3A%2F%2Fregistry.npm.taobao.org%2Fchalk%2Fdownload%2Fchalk-2.4.2.tgz",
          "integrity": "sha1-zUJUFnelQzPPVBpJEIwUMrRMlCQ=",
          "requires": {
            "ansi-styles": "^3.2.1",
            "escape-string-regexp": "^1.0.5",
            "supports-color": "^5.3.0"
          }
        },
        "color-convert": {
          "version": "1.9.3",
          "resolved": "https://registry.npm.taobao.org/color-convert/download/color-convert-1.9.3.tgz",
          "integrity": "sha1-u3GFBpDh8TZWfeYp0tVHHe2kweg=",
          "requires": {
            "color-name": "1.1.3"
          }
        },
        "color-name": {
          "version": "1.1.3",
          "resolved": "https://registry.npm.taobao.org/color-name/download/color-name-1.1.3.tgz",
          "integrity": "sha1-p9BVi9icQveV3UIyj3QIMcpTvCU="
        },
        "escape-string-regexp": {
          "version": "1.0.5",
          "resolved": "https://registry.npm.taobao.org/escape-string-regexp/download/escape-string-regexp-1.0.5.tgz",
          "integrity": "sha1-G2HAViGQqN/2rjuyzwIAyhMLhtQ="
        },
        "has-flag": {
          "version": "3.0.0",
          "resolved": "https://registry.npm.taobao.org/has-flag/download/has-flag-3.0.0.tgz",
          "integrity": "sha1-tdRU3CGZriJWmfNGfloH87lVuv0="
        },
        "supports-color": {
          "version": "5.5.0",
          "resolved": "https://registry.npm.taobao.org/supports-color/download/supports-color-5.5.0.tgz?cache=0&sync_timestamp=1598611719015&other_urls=https%3A%2F%2Fregistry.npm.taobao.org%2Fsupports-color%2Fdownload%2Fsupports-color-5.5.0.tgz",
          "integrity": "sha1-4uaaRKyHcveKHsCzW2id9lMO/I8=",
          "requires": {
            "has-flag": "^3.0.0"
          }
        }
      }
    },
    "@babel/runtime": {
      "version": "7.12.0",
      "resolved": "https://registry.npm.taobao.org/@babel/runtime/download/@babel/runtime-7.12.0.tgz",
      "integrity": "sha1-mL12ZhhpacBL6JPXR89KbGyPprA=",
      "requires": {
        "regenerator-runtime": "^0.13.4"
      }
    },
    "@formatjs/intl-unified-numberformat": {
      "version": "3.3.7",
      "resolved": "https://registry.npm.taobao.org/@formatjs/intl-unified-numberformat/download/@formatjs/intl-unified-numberformat-3.3.7.tgz",
      "integrity": "sha1-mZWiRWiQgYjnFtgaHeW3ArLuAOI=",
      "requires": {
        "@formatjs/intl-utils": "^2.3.0"
      }
    },
    "@formatjs/intl-utils": {
      "version": "2.3.0",
      "resolved": "https://registry.npm.taobao.org/@formatjs/intl-utils/download/@formatjs/intl-utils-2.3.0.tgz",
      "integrity": "sha1-LcjFcETeA0DrU6e6YC5Zq/gNx5k="
    },
    "@hookform/resolvers": {
      "version": "0.1.1",
      "resolved": "https://registry.npm.taobao.org/@hookform/resolvers/download/@hookform/resolvers-0.1.1.tgz",
      "integrity": "sha1-KF+nqht7lPq1JsTTlxPtNHBVhJc="
    },
    "@types/minimist": {
      "version": "1.2.0",
      "resolved": "https://registry.npm.taobao.org/@types/minimist/download/@types/minimist-1.2.0.tgz",
      "integrity": "sha1-aaI6OtKcrwCX8G7aWbNh7i8GOfY="
    },
    "@types/normalize-package-data": {
      "version": "2.4.0",
      "resolved": "https://registry.npm.taobao.org/@types/normalize-package-data/download/@types/normalize-package-data-2.4.0.tgz?cache=0&sync_timestamp=1596839336899&other_urls=https%3A%2F%2Fregistry.npm.taobao.org%2F%40types%2Fnormalize-package-data%2Fdownload%2F%40types%2Fnormalize-package-data-2.4.0.tgz",
      "integrity": "sha1-5IbQ2XOW15vu3QpuM/RTT/a0lz4="
    },
    "@types/yoga-layout": {
      "version": "1.9.2",
      "resolved": "https://registry.npm.taobao.org/@types/yoga-layout/download/@types/yoga-layout-1.9.2.tgz",
      "integrity": "sha1-76+emRpzkNwIGgtnkYWXmoOpY5o="
    },
    "ansi-escapes": {
      "version": "4.3.1",
      "resolved": "https://registry.npm.taobao.org/ansi-escapes/download/ansi-escapes-4.3.1.tgz",
      "integrity": "sha1-pcR8xDGB8fOP/XB2g3cA05VSKmE=",
      "requires": {
        "type-fest": "^0.11.0"
      },
      "dependencies": {
        "type-fest": {
          "version": "0.11.0",
          "resolved": "https://registry.npm.taobao.org/type-fest/download/type-fest-0.11.0.tgz?cache=0&sync_timestamp=1602624219511&other_urls=https%3A%2F%2Fregistry.npm.taobao.org%2Ftype-fest%2Fdownload%2Ftype-fest-0.11.0.tgz",
          "integrity": "sha1-l6vwhyMQ/tiKXEZrJWgVdhReM/E="
        }
      }
    },
    "ansi-regex": {
      "version": "5.0.0",
      "resolved": "https://registry.npm.taobao.org/ansi-regex/download/ansi-regex-5.0.0.tgz",
      "integrity": "sha1-OIU59VF5vzkznIGvMKZU1p+Hy3U="
    },
    "ansi-styles": {
      "version": "4.3.0",
      "resolved": "https://registry.npm.taobao.org/ansi-styles/download/ansi-styles-4.3.0.tgz",
      "integrity": "sha1-7dgDYornHATIWuegkG7a00tkiTc=",
      "requires": {
        "color-convert": "^2.0.1"
      }
    },
    "arrify": {
      "version": "1.0.1",
      "resolved": "https://registry.npm.taobao.org/arrify/download/arrify-1.0.1.tgz",
      "integrity": "sha1-iYUI2iIm84DfkEcoRWhJwVAaSw0="
    },
    "astral-regex": {
      "version": "2.0.0",
      "resolved": "https://registry.npm.taobao.org/astral-regex/download/astral-regex-2.0.0.tgz",
      "integrity": "sha1-SDFDxWeu7UeFdZwIZXhtx319LjE="
    },
    "auto-bind": {
      "version": "4.0.0",
      "resolved": "https://registry.npm.taobao.org/auto-bind/download/auto-bind-4.0.0.tgz",
      "integrity": "sha1-41ifxsLaj3ykO6n4T6UqdE/Jl/s="
    },
    "camelcase": {
      "version": "5.3.1",
      "resolved": "https://registry.npm.taobao.org/camelcase/download/camelcase-5.3.1.tgz",
      "integrity": "sha1-48mzFWnhBoEd8kL3FXJaH0xJQyA="
    },
    "camelcase-keys": {
      "version": "6.2.2",
      "resolved": "https://registry.npm.taobao.org/camelcase-keys/download/camelcase-keys-6.2.2.tgz",
      "integrity": "sha1-XnVda6UaoiPsfT1S8ld4IQ+dw8A=",
      "requires": {
        "camelcase": "^5.3.1",
        "map-obj": "^4.0.0",
        "quick-lru": "^4.0.1"
      }
    },
    "chalk": {
      "version": "4.1.0",
      "resolved": "https://registry.npm.taobao.org/chalk/download/chalk-4.1.0.tgz?cache=0&sync_timestamp=1591687042638&other_urls=https%3A%2F%2Fregistry.npm.taobao.org%2Fchalk%2Fdownload%2Fchalk-4.1.0.tgz",
      "integrity": "sha1-ThSHCmGNni7dl92DRf2dncMVZGo=",
      "requires": {
        "ansi-styles": "^4.1.0",
        "supports-color": "^7.1.0"
      }
    },
    "ci-info": {
      "version": "2.0.0",
      "resolved": "https://registry.npm.taobao.org/ci-info/download/ci-info-2.0.0.tgz",
      "integrity": "sha1-Z6npZL4xpR4V5QENWObxKDQAL0Y="
    },
    "cli-boxes": {
      "version": "2.2.1",
      "resolved": "https://registry.npm.taobao.org/cli-boxes/download/cli-boxes-2.2.1.tgz",
      "integrity": "sha1-3dUDXSUJT84iDpyrQKRYQKRAMY8="
    },
    "cli-cursor": {
      "version": "3.1.0",
      "resolved": "https://registry.npm.taobao.org/cli-cursor/download/cli-cursor-3.1.0.tgz",
      "integrity": "sha1-JkMFp65JDR0Dvwybp8kl0XU68wc=",
      "requires": {
        "restore-cursor": "^3.1.0"
      }
    },
    "cli-truncate": {
      "version": "2.1.0",
      "resolved": "https://registry.npm.taobao.org/cli-truncate/download/cli-truncate-2.1.0.tgz",
      "integrity": "sha1-w54ovwXtzeW+O5iZKiLe7Vork8c=",
      "requires": {
        "slice-ansi": "^3.0.0",
        "string-width": "^4.2.0"
      }
    },
    "code-excerpt": {
      "version": "3.0.0",
      "resolved": "https://registry.npm.taobao.org/code-excerpt/download/code-excerpt-3.0.0.tgz",
      "integrity": "sha1-/PtnSMA9uoQxwZ9UdHR/rT8lDxA=",
      "requires": {
        "convert-to-spaces": "^1.0.1"
      }
    },
    "color-convert": {
      "version": "2.0.1",
      "resolved": "https://registry.npm.taobao.org/color-convert/download/color-convert-2.0.1.tgz",
      "integrity": "sha1-ctOmjVmMm9s68q0ehPIdiWq9TeM=",
      "requires": {
        "color-name": "~1.1.4"
      }
    },
    "color-name": {
      "version": "1.1.4",
      "resolved": "https://registry.npm.taobao.org/color-name/download/color-name-1.1.4.tgz",
      "integrity": "sha1-wqCah6y95pVD3m9j+jmVyCbFNqI="
    },
    "console-polyfill": {
      "version": "0.3.0",
      "resolved": "https://registry.npm.taobao.org/console-polyfill/download/console-polyfill-0.3.0.tgz",
      "integrity": "sha1-hJAJAqGMR6XrqTK+dfpE0j6K+GE="
    },
    "convert-to-spaces": {
      "version": "1.0.2",
      "resolved": "https://registry.npm.taobao.org/convert-to-spaces/download/convert-to-spaces-1.0.2.tgz",
      "integrity": "sha1-fj5Iu+bZl7FBfdyihoIEtNPYVxU="
    },
    "cookie": {
      "version": "0.3.1",
      "resolved": "https://registry.npm.taobao.org/cookie/download/cookie-0.3.1.tgz",
      "integrity": "sha1-5+Ch+e9DtMi6klxcWpboBtFoc7s="
    },
    "decamelize": {
      "version": "1.2.0",
      "resolved": "https://registry.npm.taobao.org/decamelize/download/decamelize-1.2.0.tgz",
      "integrity": "sha1-9lNNFRSCabIDUue+4m9QH5oZEpA="
    },
    "decamelize-keys": {
      "version": "1.1.0",
      "resolved": "https://registry.npm.taobao.org/decamelize-keys/download/decamelize-keys-1.1.0.tgz",
      "integrity": "sha1-0XGoeTMlKAfrPLYdwcFEXQeN8tk=",
      "requires": {
        "decamelize": "^1.1.0",
        "map-obj": "^1.0.0"
      },
      "dependencies": {
        "map-obj": {
          "version": "1.0.1",
          "resolved": "https://registry.npm.taobao.org/map-obj/download/map-obj-1.0.1.tgz",
          "integrity": "sha1-2TPOuSBdgr3PSIb2dCvcK03qFG0="
        }
      }
    },
    "emoji-regex": {
      "version": "8.0.0",
      "resolved": "https://registry.npm.taobao.org/emoji-regex/download/emoji-regex-8.0.0.tgz?cache=0&sync_timestamp=1602593575515&other_urls=https%3A%2F%2Fregistry.npm.taobao.org%2Femoji-regex%2Fdownload%2Femoji-regex-8.0.0.tgz",
      "integrity": "sha1-6Bj9ac5cz8tARZT4QpY79TFkzDc="
    },
    "error-ex": {
      "version": "1.3.2",
      "resolved": "https://registry.npm.taobao.org/error-ex/download/error-ex-1.3.2.tgz",
      "integrity": "sha1-tKxAZIEH/c3PriQvQovqihTU8b8=",
      "requires": {
        "is-arrayish": "^0.2.1"
      }
    },
    "escape-html": {
      "version": "1.0.3",
      "resolved": "https://registry.npm.taobao.org/escape-html/download/escape-html-1.0.3.tgz",
      "integrity": "sha1-Aljq5NPQwJdN4cFpGI7wBR0dGYg="
    },
    "escape-string-regexp": {
      "version": "2.0.0",
      "resolved": "https://registry.npm.taobao.org/escape-string-regexp/download/escape-string-regexp-2.0.0.tgz",
      "integrity": "sha1-owME6Z2qMuI7L9IPUbq9B8/8o0Q="
    },
    "find-up": {
      "version": "4.1.0",
      "resolved": "https://registry.npm.taobao.org/find-up/download/find-up-4.1.0.tgz?cache=0&sync_timestamp=1597170071453&other_urls=https%3A%2F%2Fregistry.npm.taobao.org%2Ffind-up%2Fdownload%2Ffind-up-4.1.0.tgz",
      "integrity": "sha1-l6/n1s3AvFkoWEt8jXsW6KmqXRk=",
      "requires": {
        "locate-path": "^5.0.0",
        "path-exists": "^4.0.0"
      }
    },
    "fn-name": {
      "version": "3.0.0",
      "resolved": "https://registry.npm.taobao.org/fn-name/download/fn-name-3.0.0.tgz",
      "integrity": "sha1-BZZwf2NZKWNNeR9FIwmrQVWOPFw="
    },
    "hard-rejection": {
      "version": "2.1.0",
      "resolved": "https://registry.npm.taobao.org/hard-rejection/download/hard-rejection-2.1.0.tgz",
      "integrity": "sha1-HG7aXBaFxjlCdm15u0Cudzzs2IM="
    },
    "has-flag": {
      "version": "4.0.0",
      "resolved": "https://registry.npm.taobao.org/has-flag/download/has-flag-4.0.0.tgz",
      "integrity": "sha1-lEdx/ZyByBJlxNaUGGDaBrtZR5s="
    },
    "history": {
      "version": "4.10.1",
      "resolved": "https://registry.npm.taobao.org/history/download/history-4.10.1.tgz?cache=0&sync_timestamp=1591982561040&other_urls=https%3A%2F%2Fregistry.npm.taobao.org%2Fhistory%2Fdownload%2Fhistory-4.10.1.tgz",
      "integrity": "sha1-MzcaZeOoOyZ0NOKz87G0xYqtTPM=",
      "requires": {
        "@babel/runtime": "^7.1.2",
        "loose-envify": "^1.2.0",
        "resolve-pathname": "^3.0.0",
        "tiny-invariant": "^1.0.2",
        "tiny-warning": "^1.0.0",
        "value-equal": "^1.0.1"
      }
    },
    "hoist-non-react-statics": {
      "version": "3.3.2",
      "resolved": "https://registry.npm.taobao.org/hoist-non-react-statics/download/hoist-non-react-statics-3.3.2.tgz",
      "integrity": "sha1-7OCsr3HWLClpwuxZ/v9CpLGoW0U=",
      "requires": {
        "react-is": "^16.7.0"
      }
    },
    "hosted-git-info": {
      "version": "2.8.8",
      "resolved": "https://registry.npm.taobao.org/hosted-git-info/download/hosted-git-info-2.8.8.tgz?cache=0&sync_timestamp=1602544178994&other_urls=https%3A%2F%2Fregistry.npm.taobao.org%2Fhosted-git-info%2Fdownload%2Fhosted-git-info-2.8.8.tgz",
      "integrity": "sha1-dTm9S8Hg4KiVgVouAmJCCxKFhIg="
    },
    "indent-string": {
      "version": "4.0.0",
      "resolved": "https://registry.npm.taobao.org/indent-string/download/indent-string-4.0.0.tgz",
      "integrity": "sha1-Yk+PRJfWGbLZdoUx1Y9BIoVNclE="
    },
    "ink": {
      "version": "3.0.7",
      "resolved": "https://registry.npm.taobao.org/ink/download/ink-3.0.7.tgz?cache=0&sync_timestamp=1601540630610&other_urls=https%3A%2F%2Fregistry.npm.taobao.org%2Fink%2Fdownload%2Fink-3.0.7.tgz",
      "integrity": "sha1-rPjz2mKPP/9tDkhkKlfYKmcgu10=",
      "requires": {
        "ansi-escapes": "^4.2.1",
        "auto-bind": "4.0.0",
        "chalk": "^4.1.0",
        "cli-boxes": "^2.2.0",
        "cli-cursor": "^3.1.0",
        "cli-truncate": "^2.1.0",
        "code-excerpt": "^3.0.0",
        "indent-string": "^4.0.0",
        "is-ci": "^2.0.0",
        "lodash": "^4.17.20",
        "patch-console": "^1.0.0",
        "react-devtools-core": "^4.6.0",
        "react-reconciler": "^0.24.0",
        "scheduler": "^0.18.0",
        "signal-exit": "^3.0.2",
        "slice-ansi": "^3.0.0",
        "stack-utils": "^2.0.2",
        "string-length": "^3.1.0",
        "type-fest": "^0.12.0",
        "widest-line": "^3.1.0",
        "wrap-ansi": "^6.2.0",
        "ws": "^7.2.5",
        "yoga-layout-prebuilt": "^1.9.6"
      }
    },
    "ink-text-input": {
      "version": "4.0.1",
      "resolved": "https://registry.npm.taobao.org/ink-text-input/download/ink-text-input-4.0.1.tgz",
      "integrity": "sha1-494/fn9CR9ZAGIOMV7u8YSCQE2g=",
      "requires": {
        "chalk": "^4.1.0",
        "type-fest": "^0.15.1"
      },
      "dependencies": {
        "type-fest": {
          "version": "0.15.1",
          "resolved": "https://registry.npm.taobao.org/type-fest/download/type-fest-0.15.1.tgz?cache=0&sync_timestamp=1602624219511&other_urls=https%3A%2F%2Fregistry.npm.taobao.org%2Ftype-fest%2Fdownload%2Ftype-fest-0.15.1.tgz",
          "integrity": "sha1-0sTnPT5KU88akGOW3UYKHFF4ygA="
        }
      }
    },
    "intl": {
      "version": "1.2.5",
      "resolved": "https://registry.npm.taobao.org/intl/download/intl-1.2.5.tgz",
      "integrity": "sha1-giRKIZDE5Bn4Nx9ao02qNCDiq94="
    },
    "intl-format-cache": {
      "version": "4.3.1",
      "resolved": "https://registry.npm.taobao.org/intl-format-cache/download/intl-format-cache-4.3.1.tgz?cache=0&sync_timestamp=1595679542345&other_urls=https%3A%2F%2Fregistry.npm.taobao.org%2Fintl-format-cache%2Fdownload%2Fintl-format-cache-4.3.1.tgz",
      "integrity": "sha1-SE0xqYchYebAITk0myWaYimt43c="
    },
    "intl-messageformat": {
      "version": "7.8.4",
      "resolved": "https://registry.npm.taobao.org/intl-messageformat/download/intl-messageformat-7.8.4.tgz",
      "integrity": "sha1-wpFGoGuc0mZil4pNlf/ysTPjZC8=",
      "requires": {
        "intl-format-cache": "^4.2.21",
        "intl-messageformat-parser": "^3.6.4"
      }
    },
    "intl-messageformat-parser": {
      "version": "3.6.4",
      "resolved": "https://registry.npm.taobao.org/intl-messageformat-parser/download/intl-messageformat-parser-3.6.4.tgz",
      "integrity": "sha1-UZnRBtgWw92ibuBpQ2Kpz4I5ePs=",
      "requires": {
        "@formatjs/intl-unified-numberformat": "^3.2.0"
      }
    },
    "invariant": {
      "version": "2.2.4",
      "resolved": "https://registry.npm.taobao.org/invariant/download/invariant-2.2.4.tgz",
      "integrity": "sha1-YQ88ksk1nOHbYW5TgAjSP/NRWOY=",
      "requires": {
        "loose-envify": "^1.0.0"
      }
    },
    "is-arrayish": {
      "version": "0.2.1",
      "resolved": "https://registry.npm.taobao.org/is-arrayish/download/is-arrayish-0.2.1.tgz",
      "integrity": "sha1-d8mYQFJ6qOyxqLppe4BkWnqSap0="
    },
    "is-ci": {
      "version": "2.0.0",
      "resolved": "https://registry.npm.taobao.org/is-ci/download/is-ci-2.0.0.tgz",
      "integrity": "sha1-a8YzQYGBDgS1wis9WJ/cpVAmQEw=",
      "requires": {
        "ci-info": "^2.0.0"
      }
    },
    "is-fullwidth-code-point": {
      "version": "3.0.0",
      "resolved": "https://registry.npm.taobao.org/is-fullwidth-code-point/download/is-fullwidth-code-point-3.0.0.tgz",
      "integrity": "sha1-8Rb4Bk/pCz94RKOJl8C3UFEmnx0="
    },
    "is-plain-obj": {
      "version": "1.1.0",
      "resolved": "https://registry.npm.taobao.org/is-plain-obj/download/is-plain-obj-1.1.0.tgz?cache=0&sync_timestamp=1602541485176&other_urls=https%3A%2F%2Fregistry.npm.taobao.org%2Fis-plain-obj%2Fdownload%2Fis-plain-obj-1.1.0.tgz",
      "integrity": "sha1-caUMhCnfync8kqOQpKA7OfzVHT4="
    },
    "isarray": {
      "version": "0.0.1",
      "resolved": "https://registry.npm.taobao.org/isarray/download/isarray-0.0.1.tgz",
      "integrity": "sha1-ihis/Kmo9Bd+Cav8YDiTmwXR7t8="
    },
    "js-tokens": {
      "version": "4.0.0",
      "resolved": "https://registry.npm.taobao.org/js-tokens/download/js-tokens-4.0.0.tgz",
      "integrity": "sha1-GSA/tZmR35jjoocFDUZHzerzJJk="
    },
    "json-parse-even-better-errors": {
      "version": "2.3.1",
      "resolved": "https://registry.npm.taobao.org/json-parse-even-better-errors/download/json-parse-even-better-errors-2.3.1.tgz",
      "integrity": "sha1-fEeAWpQxmSjgV3dAXcEuH3pO4C0="
    },
    "kind-of": {
      "version": "6.0.3",
      "resolved": "https://registry.npm.taobao.org/kind-of/download/kind-of-6.0.3.tgz",
      "integrity": "sha1-B8BQNKbDSfoG4k+jWqdttFgM5N0="
    },
    "lines-and-columns": {
      "version": "1.1.6",
      "resolved": "https://registry.npm.taobao.org/lines-and-columns/download/lines-and-columns-1.1.6.tgz",
      "integrity": "sha1-HADHQ7QzzQpOgHWPe2SldEDZ/wA="
    },
    "locate-path": {
      "version": "5.0.0",
      "resolved": "https://registry.npm.taobao.org/locate-path/download/locate-path-5.0.0.tgz?cache=0&sync_timestamp=1597081904643&other_urls=https%3A%2F%2Fregistry.npm.taobao.org%2Flocate-path%2Fdownload%2Flocate-path-5.0.0.tgz",
      "integrity": "sha1-Gvujlq/WdqbUJQTQpno6frn2KqA=",
      "requires": {
        "p-locate": "^4.1.0"
      }
    },
    "lodash": {
      "version": "4.17.20",
      "resolved": "https://registry.npm.taobao.org/lodash/download/lodash-4.17.20.tgz?cache=0&sync_timestamp=1597336097104&other_urls=https%3A%2F%2Fregistry.npm.taobao.org%2Flodash%2Fdownload%2Flodash-4.17.20.tgz",
      "integrity": "sha1-tEqbYpe8tpjxxRo1RaKzs2jVnFI="
    },
    "lodash-es": {
      "version": "4.17.15",
      "resolved": "https://registry.npm.taobao.org/lodash-es/download/lodash-es-4.17.15.tgz",
      "integrity": "sha1-Ib2Wg5NUQS8j16EDQOXqxu5FXXg="
    },
    "lodash.merge": {
      "version": "4.6.2",
      "resolved": "https://registry.npm.taobao.org/lodash.merge/download/lodash.merge-4.6.2.tgz",
      "integrity": "sha1-VYqlO0O2YeGSWgr9+japoQhf5Xo="
    },
    "loose-envify": {
      "version": "1.4.0",
      "resolved": "https://registry.npm.taobao.org/loose-envify/download/loose-envify-1.4.0.tgz",
      "integrity": "sha1-ce5R+nvkyuwaY4OffmgtgTLTDK8=",
      "requires": {
        "js-tokens": "^3.0.0 || ^4.0.0"
      }
    },
    "map-obj": {
      "version": "4.1.0",
      "resolved": "https://registry.npm.taobao.org/map-obj/download/map-obj-4.1.0.tgz",
      "integrity": "sha1-uRIhtUJzS58UJWwBMsiXxdclb9U="
    },
    "meow": {
      "version": "7.1.1",
      "resolved": "https://registry.npm.taobao.org/meow/download/meow-7.1.1.tgz?cache=0&sync_timestamp=1598693287069&other_urls=https%3A%2F%2Fregistry.npm.taobao.org%2Fmeow%2Fdownload%2Fmeow-7.1.1.tgz",
      "integrity": "sha1-fAFZXj0zf8sOxOju0WZuqVkD0wY=",
      "requires": {
        "@types/minimist": "^1.2.0",
        "camelcase-keys": "^6.2.2",
        "decamelize-keys": "^1.1.0",
        "hard-rejection": "^2.1.0",
        "minimist-options": "4.1.0",
        "normalize-package-data": "^2.5.0",
        "read-pkg-up": "^7.0.1",
        "redent": "^3.0.0",
        "trim-newlines": "^3.0.0",
        "type-fest": "^0.13.1",
        "yargs-parser": "^18.1.3"
      },
      "dependencies": {
        "type-fest": {
          "version": "0.13.1",
          "resolved": "https://registry.npm.taobao.org/type-fest/download/type-fest-0.13.1.tgz?cache=0&sync_timestamp=1602624219511&other_urls=https%3A%2F%2Fregistry.npm.taobao.org%2Ftype-fest%2Fdownload%2Ftype-fest-0.13.1.tgz",
          "integrity": "sha1-AXLLW86AsL1ULqNI21DH4hg02TQ="
        }
      }
    },
    "mimic-fn": {
      "version": "2.1.0",
      "resolved": "https://registry.npm.taobao.org/mimic-fn/download/mimic-fn-2.1.0.tgz?cache=0&sync_timestamp=1596094012686&other_urls=https%3A%2F%2Fregistry.npm.taobao.org%2Fmimic-fn%2Fdownload%2Fmimic-fn-2.1.0.tgz",
      "integrity": "sha1-ftLCzMyvhNP/y3pptXcR/CCDQBs="
    },
    "min-indent": {
      "version": "1.0.1",
      "resolved": "https://registry.npm.taobao.org/min-indent/download/min-indent-1.0.1.tgz?cache=0&sync_timestamp=1590693908857&other_urls=https%3A%2F%2Fregistry.npm.taobao.org%2Fmin-indent%2Fdownload%2Fmin-indent-1.0.1.tgz",
      "integrity": "sha1-pj9oFnOzBXH76LwlaGrnRu76mGk="
    },
    "mini-create-react-context": {
      "version": "0.4.0",
      "resolved": "https://registry.npm.taobao.org/mini-create-react-context/download/mini-create-react-context-0.4.0.tgz",
      "integrity": "sha1-32BQHIMVHbaeKOrA7wi0AC76sEA=",
      "requires": {
        "@babel/runtime": "^7.5.5",
        "tiny-warning": "^1.0.3"
      }
    },
    "minimist": {
      "version": "1.2.5",
      "resolved": "https://registry.npm.taobao.org/minimist/download/minimist-1.2.5.tgz",
      "integrity": "sha1-Z9ZgFLZqaoqqDAg8X9WN9OTpdgI=",
      "dev": true
    },
    "minimist-options": {
      "version": "4.1.0",
      "resolved": "https://registry.npm.taobao.org/minimist-options/download/minimist-options-4.1.0.tgz",
      "integrity": "sha1-wGVXE8U6ii69d/+iR9NCxA8BBhk=",
      "requires": {
        "arrify": "^1.0.1",
        "is-plain-obj": "^1.1.0",
        "kind-of": "^6.0.3"
      }
    },
    "normalize-package-data": {
      "version": "2.5.0",
      "resolved": "https://registry.npm.taobao.org/normalize-package-data/download/normalize-package-data-2.5.0.tgz",
      "integrity": "sha1-5m2xg4sgDB38IzIl0SyzZSDiNKg=",
      "requires": {
        "hosted-git-info": "^2.1.4",
        "resolve": "^1.10.0",
        "semver": "2 || 3 || 4 || 5",
        "validate-npm-package-license": "^3.0.1"
      }
    },
    "object-assign": {
      "version": "4.1.1",
      "resolved": "https://registry.npm.taobao.org/object-assign/download/object-assign-4.1.1.tgz",
      "integrity": "sha1-IQmtx5ZYh8/AXLvUQsrIv7s2CGM="
    },
    "object-keys": {
      "version": "1.1.1",
      "resolved": "https://registry.npm.taobao.org/object-keys/download/object-keys-1.1.1.tgz",
      "integrity": "sha1-HEfyct8nfzsdrwYWd9nILiMixg4="
    },
    "onetime": {
      "version": "5.1.2",
      "resolved": "https://registry.npm.taobao.org/onetime/download/onetime-5.1.2.tgz?cache=0&sync_timestamp=1597005190531&other_urls=https%3A%2F%2Fregistry.npm.taobao.org%2Fonetime%2Fdownload%2Fonetime-5.1.2.tgz",
      "integrity": "sha1-0Oluu1awdHbfHdnEgG5SN5hcpF4=",
      "requires": {
        "mimic-fn": "^2.1.0"
      }
    },
    "p-limit": {
      "version": "2.3.0",
      "resolved": "https://registry.npm.taobao.org/p-limit/download/p-limit-2.3.0.tgz?cache=0&sync_timestamp=1594559720897&other_urls=https%3A%2F%2Fregistry.npm.taobao.org%2Fp-limit%2Fdownload%2Fp-limit-2.3.0.tgz",
      "integrity": "sha1-PdM8ZHohT9//2DWTPrCG2g3CHbE=",
      "requires": {
        "p-try": "^2.0.0"
      }
    },
    "p-locate": {
      "version": "4.1.0",
      "resolved": "https://registry.npm.taobao.org/p-locate/download/p-locate-4.1.0.tgz?cache=0&sync_timestamp=1597081785924&other_urls=https%3A%2F%2Fregistry.npm.taobao.org%2Fp-locate%2Fdownload%2Fp-locate-4.1.0.tgz",
      "integrity": "sha1-o0KLtwiLOmApL2aRkni3wpetTwc=",
      "requires": {
        "p-limit": "^2.2.0"
      }
    },
    "p-try": {
      "version": "2.2.0",
      "resolved": "https://registry.npm.taobao.org/p-try/download/p-try-2.2.0.tgz",
      "integrity": "sha1-yyhoVA4xPWHeWPr741zpAE1VQOY="
    },
    "parse-json": {
      "version": "5.1.0",
      "resolved": "https://registry.npm.taobao.org/parse-json/download/parse-json-5.1.0.tgz?cache=0&sync_timestamp=1598130878813&other_urls=https%3A%2F%2Fregistry.npm.taobao.org%2Fparse-json%2Fdownload%2Fparse-json-5.1.0.tgz",
      "integrity": "sha1-+WCIzfJKj6qa6poAny2dlCyZlkY=",
      "requires": {
        "@babel/code-frame": "^7.0.0",
        "error-ex": "^1.3.1",
        "json-parse-even-better-errors": "^2.3.0",
        "lines-and-columns": "^1.1.6"
      }
    },
    "patch-console": {
      "version": "1.0.0",
      "resolved": "https://registry.npm.taobao.org/patch-console/download/patch-console-1.0.0.tgz",
      "integrity": "sha1-GbnwKHE/64o8AjcCqMyMufdGb50="
    },
    "path-exists": {
      "version": "4.0.0",
      "resolved": "https://registry.npm.taobao.org/path-exists/download/path-exists-4.0.0.tgz",
      "integrity": "sha1-UTvb4tO5XXdi6METfvoZXGxhtbM="
    },
    "path-parse": {
      "version": "1.0.6",
      "resolved": "https://registry.npm.taobao.org/path-parse/download/path-parse-1.0.6.tgz",
      "integrity": "sha1-1i27VnlAXXLEc37FhgDp3c8G0kw="
    },
    "path-to-regexp": {
      "version": "1.8.0",
      "resolved": "https://registry.npm.taobao.org/path-to-regexp/download/path-to-regexp-1.8.0.tgz?cache=0&other_urls=https%3A%2F%2Fregistry.npm.taobao.org%2Fpath-to-regexp%2Fdownload%2Fpath-to-regexp-1.8.0.tgz",
      "integrity": "sha1-iHs7qdhDk+h6CgufTLdWGYtTVIo=",
      "requires": {
        "isarray": "0.0.1"
      }
    },
    "prop-types": {
      "version": "15.7.2",
      "resolved": "https://registry.npm.taobao.org/prop-types/download/prop-types-15.7.2.tgz",
      "integrity": "sha1-UsQedbjIfnK52TYOAga5ncv/psU=",
      "requires": {
        "loose-envify": "^1.4.0",
        "object-assign": "^4.1.1",
        "react-is": "^16.8.1"
      }
    },
    "property-expr": {
      "version": "2.0.4",
      "resolved": "https://registry.npm.taobao.org/property-expr/download/property-expr-2.0.4.tgz",
      "integrity": "sha1-N7klR45YllAxu2EuxbMmD4JB6RA="
    },
    "querystring": {
      "version": "0.2.0",
      "resolved": "https://registry.npm.taobao.org/querystring/download/querystring-0.2.0.tgz",
      "integrity": "sha1-sgmEkgO7Jd+CDadW50cAWHhSFiA="
    },
    "quick-lru": {
      "version": "4.0.1",
      "resolved": "https://registry.npm.taobao.org/quick-lru/download/quick-lru-4.0.1.tgz",
      "integrity": "sha1-W4h48ROlgheEjGSCAmxz4bpXcn8="
    },
    "react": {
      "version": "16.14.0",
      "resolved": "https://registry.npm.taobao.org/react/download/react-16.14.0.tgz?cache=0&sync_timestamp=1602707661374&other_urls=https%3A%2F%2Fregistry.npm.taobao.org%2Freact%2Fdownload%2Freact-16.14.0.tgz",
      "integrity": "sha1-lNd23dCqo32j7aj8W2sYpMmjEU0=",
      "requires": {
        "loose-envify": "^1.1.0",
        "object-assign": "^4.1.1",
        "prop-types": "^15.6.2"
      }
    },
    "react-devtools-core": {
      "version": "4.8.2",
      "resolved": "https://registry.npm.taobao.org/react-devtools-core/download/react-devtools-core-4.8.2.tgz?cache=0&sync_timestamp=1594829716087&other_urls=https%3A%2F%2Fregistry.npm.taobao.org%2Freact-devtools-core%2Fdownload%2Freact-devtools-core-4.8.2.tgz",
      "integrity": "sha1-RGXy6N53lVZKog8osvOpc3WG2yM=",
      "requires": {
        "shell-quote": "^1.6.1",
        "ws": "^7"
      }
    },
    "react-intl-universal": {
      "version": "2.4.1",
      "resolved": "https://registry.npm.taobao.org/react-intl-universal/download/react-intl-universal-2.4.1.tgz",
      "integrity": "sha1-kwqrhmsvrQwk/7CUaa6HK7ptl3Y=",
      "requires": {
        "console-polyfill": "^0.3.0",
        "cookie": "^0.3.1",
        "escape-html": "^1.0.3",
        "intl": "^1.2.5",
        "intl-messageformat": "^7.8.4",
        "invariant": "^2.2.2",
        "lodash.merge": "^4.6.2",
        "object-keys": "^1.0.11",
        "querystring": "^0.2.0"
      }
    },
    "react-is": {
      "version": "16.13.1",
      "resolved": "https://registry.npm.taobao.org/react-is/download/react-is-16.13.1.tgz?cache=0&sync_timestamp=1602081887213&other_urls=https%3A%2F%2Fregistry.npm.taobao.org%2Freact-is%2Fdownload%2Freact-is-16.13.1.tgz",
      "integrity": "sha1-eJcppNw23imZ3BVt1sHZwYzqVqQ="
    },
    "react-reconciler": {
      "version": "0.24.0",
      "resolved": "https://registry.npm.taobao.org/react-reconciler/download/react-reconciler-0.24.0.tgz?cache=0&sync_timestamp=1602082482842&other_urls=https%3A%2F%2Fregistry.npm.taobao.org%2Freact-reconciler%2Fdownload%2Freact-reconciler-0.24.0.tgz",
      "integrity": "sha1-WjlrLC9e/oVUE0pZNfSfVGcj8t0=",
      "requires": {
        "loose-envify": "^1.1.0",
        "object-assign": "^4.1.1",
        "prop-types": "^15.6.2",
        "scheduler": "^0.18.0"
      }
    },
    "react-router": {
      "version": "5.2.0",
      "resolved": "https://registry.npm.taobao.org/react-router/download/react-router-5.2.0.tgz",
      "integrity": "sha1-Qk51ZByodH+/duXsyml4GqN+opM=",
      "requires": {
        "@babel/runtime": "^7.1.2",
        "history": "^4.9.0",
        "hoist-non-react-statics": "^3.1.0",
        "loose-envify": "^1.3.1",
        "mini-create-react-context": "^0.4.0",
        "path-to-regexp": "^1.7.0",
        "prop-types": "^15.6.2",
        "react-is": "^16.6.0",
        "tiny-invariant": "^1.0.2",
        "tiny-warning": "^1.0.0"
      }
    },
    "read-pkg": {
      "version": "5.2.0",
      "resolved": "https://registry.npm.taobao.org/read-pkg/download/read-pkg-5.2.0.tgz",
      "integrity": "sha1-e/KVQ4yloz5WzTDgU7NO5yUMk8w=",
      "requires": {
        "@types/normalize-package-data": "^2.4.0",
        "normalize-package-data": "^2.5.0",
        "parse-json": "^5.0.0",
        "type-fest": "^0.6.0"
      },
      "dependencies": {
        "type-fest": {
          "version": "0.6.0",
          "resolved": "https://registry.npm.taobao.org/type-fest/download/type-fest-0.6.0.tgz?cache=0&sync_timestamp=1602624219511&other_urls=https%3A%2F%2Fregistry.npm.taobao.org%2Ftype-fest%2Fdownload%2Ftype-fest-0.6.0.tgz",
          "integrity": "sha1-jSojcNPfiG61yQraHFv2GIrPg4s="
        }
      }
    },
    "read-pkg-up": {
      "version": "7.0.1",
      "resolved": "https://registry.npm.taobao.org/read-pkg-up/download/read-pkg-up-7.0.1.tgz",
      "integrity": "sha1-86YTV1hFlzOuK5VjgFbhhU5+9Qc=",
      "requires": {
        "find-up": "^4.1.0",
        "read-pkg": "^5.2.0",
        "type-fest": "^0.8.1"
      },
      "dependencies": {
        "type-fest": {
          "version": "0.8.1",
          "resolved": "https://registry.npm.taobao.org/type-fest/download/type-fest-0.8.1.tgz?cache=0&sync_timestamp=1602624219511&other_urls=https%3A%2F%2Fregistry.npm.taobao.org%2Ftype-fest%2Fdownload%2Ftype-fest-0.8.1.tgz",
          "integrity": "sha1-CeJJ696FHTseSNJ8EFREZn8XuD0="
        }
      }
    },
    "redent": {
      "version": "3.0.0",
      "resolved": "https://registry.npm.taobao.org/redent/download/redent-3.0.0.tgz",
      "integrity": "sha1-5Ve3mYMWu1PJ8fVvpiY1LGljBZ8=",
      "requires": {
        "indent-string": "^4.0.0",
        "strip-indent": "^3.0.0"
      }
    },
    "regenerator-runtime": {
      "version": "0.13.7",
      "resolved": "https://registry.npm.taobao.org/regenerator-runtime/download/regenerator-runtime-0.13.7.tgz?cache=0&sync_timestamp=1595456117883&other_urls=https%3A%2F%2Fregistry.npm.taobao.org%2Fregenerator-runtime%2Fdownload%2Fregenerator-runtime-0.13.7.tgz",
      "integrity": "sha1-ysLazIoepnX+qrrriugziYrkb1U="
    },
    "resolve": {
      "version": "1.17.0",
      "resolved": "https://registry.npm.taobao.org/resolve/download/resolve-1.17.0.tgz",
      "integrity": "sha1-sllBtUloIxzC0bt2p5y38sC/hEQ=",
      "requires": {
        "path-parse": "^1.0.6"
      }
    },
    "resolve-pathname": {
      "version": "3.0.0",
      "resolved": "https://registry.npm.taobao.org/resolve-pathname/download/resolve-pathname-3.0.0.tgz",
      "integrity": "sha1-mdAiJNPPJjaJvsuzk7xWAxMCXc0="
    },
    "restore-cursor": {
      "version": "3.1.0",
      "resolved": "https://registry.npm.taobao.org/restore-cursor/download/restore-cursor-3.1.0.tgz",
      "integrity": "sha1-OfZ8VLOnpYzqUjbZXPADQjljH34=",
      "requires": {
        "onetime": "^5.1.0",
        "signal-exit": "^3.0.2"
      }
    },
    "scheduler": {
      "version": "0.18.0",
      "resolved": "https://registry.npm.taobao.org/scheduler/download/scheduler-0.18.0.tgz?cache=0&sync_timestamp=1602081682961&other_urls=https%3A%2F%2Fregistry.npm.taobao.org%2Fscheduler%2Fdownload%2Fscheduler-0.18.0.tgz",
      "integrity": "sha1-WQGtZlm8HY8/2vNut6Z7DWdGscQ=",
      "requires": {
        "loose-envify": "^1.1.0",
        "object-assign": "^4.1.1"
      }
    },
    "semver": {
      "version": "5.7.1",
      "resolved": "https://registry.npm.taobao.org/semver/download/semver-5.7.1.tgz",
      "integrity": "sha1-qVT5Ma66UI0we78Gnv8MAclhFvc="
    },
    "shell-quote": {
      "version": "1.7.2",
      "resolved": "https://registry.npm.taobao.org/shell-quote/download/shell-quote-1.7.2.tgz",
      "integrity": "sha1-Z6fQLHbJ2iT5nSCAj8re0ODgS+I="
    },
    "signal-exit": {
      "version": "3.0.3",
      "resolved": "https://registry.npm.taobao.org/signal-exit/download/signal-exit-3.0.3.tgz",
      "integrity": "sha1-oUEMLt2PB3sItOJTyOrPyvBXRhw="
    },
    "slice-ansi": {
      "version": "3.0.0",
      "resolved": "https://registry.npm.taobao.org/slice-ansi/download/slice-ansi-3.0.0.tgz",
      "integrity": "sha1-Md3BCTCht+C2ewjJbC9Jt3p4l4c=",
      "requires": {
        "ansi-styles": "^4.0.0",
        "astral-regex": "^2.0.0",
        "is-fullwidth-code-point": "^3.0.0"
      }
    },
    "spdx-correct": {
      "version": "3.1.1",
      "resolved": "https://registry.npm.taobao.org/spdx-correct/download/spdx-correct-3.1.1.tgz?cache=0&sync_timestamp=1590161967473&other_urls=https%3A%2F%2Fregistry.npm.taobao.org%2Fspdx-correct%2Fdownload%2Fspdx-correct-3.1.1.tgz",
      "integrity": "sha1-3s6BrJweZxPl99G28X1Gj6U9iak=",
      "requires": {
        "spdx-expression-parse": "^3.0.0",
        "spdx-license-ids": "^3.0.0"
      }
    },
    "spdx-exceptions": {
      "version": "2.3.0",
      "resolved": "https://registry.npm.taobao.org/spdx-exceptions/download/spdx-exceptions-2.3.0.tgz",
      "integrity": "sha1-PyjOGnegA3JoPq3kpDMYNSeiFj0="
    },
    "spdx-expression-parse": {
      "version": "3.0.1",
      "resolved": "https://registry.npm.taobao.org/spdx-expression-parse/download/spdx-expression-parse-3.0.1.tgz?cache=0&sync_timestamp=1589682217985&other_urls=https%3A%2F%2Fregistry.npm.taobao.org%2Fspdx-expression-parse%2Fdownload%2Fspdx-expression-parse-3.0.1.tgz",
      "integrity": "sha1-z3D1BILu/cmOPOCmgz5KU87rpnk=",
      "requires": {
        "spdx-exceptions": "^2.1.0",
        "spdx-license-ids": "^3.0.0"
      }
    },
    "spdx-license-ids": {
      "version": "3.0.6",
      "resolved": "https://registry.npm.taobao.org/spdx-license-ids/download/spdx-license-ids-3.0.6.tgz?cache=0&sync_timestamp=1600286627478&other_urls=https%3A%2F%2Fregistry.npm.taobao.org%2Fspdx-license-ids%2Fdownload%2Fspdx-license-ids-3.0.6.tgz",
      "integrity": "sha1-yAdXODwoq/cpZ0SZjLwQaui4VM4="
    },
    "stack-utils": {
      "version": "2.0.2",
      "resolved": "https://registry.npm.taobao.org/stack-utils/download/stack-utils-2.0.2.tgz",
      "integrity": "sha1-XPSLRVe+y0Y40LxPIdI/XRlYZZM=",
      "requires": {
        "escape-string-regexp": "^2.0.0"
      }
    },
    "string-length": {
      "version": "3.1.0",
      "resolved": "https://registry.npm.taobao.org/string-length/download/string-length-3.1.0.tgz",
      "integrity": "sha1-EH74wjRW4Yeoq9SmEWL/SsbiWDc=",
      "requires": {
        "astral-regex": "^1.0.0",
        "strip-ansi": "^5.2.0"
      },
      "dependencies": {
        "ansi-regex": {
          "version": "4.1.0",
          "resolved": "https://registry.npm.taobao.org/ansi-regex/download/ansi-regex-4.1.0.tgz",
          "integrity": "sha1-i5+PCM8ay4Q3Vqg5yox+MWjFGZc="
        },
        "astral-regex": {
          "version": "1.0.0",
          "resolved": "https://registry.npm.taobao.org/astral-regex/download/astral-regex-1.0.0.tgz",
          "integrity": "sha1-bIw/uCfdQ+45GPJ7gngqt2WKb9k="
        },
        "strip-ansi": {
          "version": "5.2.0",
          "resolved": "https://registry.npm.taobao.org/strip-ansi/download/strip-ansi-5.2.0.tgz",
          "integrity": "sha1-jJpTb+tq/JYr36WxBKUJHBrZwK4=",
          "requires": {
            "ansi-regex": "^4.1.0"
          }
        }
      }
    },
    "string-width": {
      "version": "4.2.0",
      "resolved": "https://registry.npm.taobao.org/string-width/download/string-width-4.2.0.tgz",
      "integrity": "sha1-lSGCxGzHssMT0VluYjmSvRY7crU=",
      "requires": {
        "emoji-regex": "^8.0.0",
        "is-fullwidth-code-point": "^3.0.0",
        "strip-ansi": "^6.0.0"
      }
    },
    "strip-ansi": {
      "version": "6.0.0",
      "resolved": "https://registry.npm.taobao.org/strip-ansi/download/strip-ansi-6.0.0.tgz",
      "integrity": "sha1-CxVx3XZpzNTz4G4U7x7tJiJa5TI=",
      "requires": {
        "ansi-regex": "^5.0.0"
      }
    },
    "strip-indent": {
      "version": "3.0.0",
      "resolved": "https://registry.npm.taobao.org/strip-indent/download/strip-indent-3.0.0.tgz",
      "integrity": "sha1-wy4c7pQLazQyx3G8LFS8znPNMAE=",
      "requires": {
        "min-indent": "^1.0.0"
      }
    },
    "supports-color": {
      "version": "7.2.0",
      "resolved": "https://registry.npm.taobao.org/supports-color/download/supports-color-7.2.0.tgz?cache=0&sync_timestamp=1598611719015&other_urls=https%3A%2F%2Fregistry.npm.taobao.org%2Fsupports-color%2Fdownload%2Fsupports-color-7.2.0.tgz",
      "integrity": "sha1-G33NyzK4E4gBs+R4umpRyqiWSNo=",
      "requires": {
        "has-flag": "^4.0.0"
      }
    },
    "synchronous-promise": {
      "version": "2.0.15",
      "resolved": "https://registry.npm.taobao.org/synchronous-promise/download/synchronous-promise-2.0.15.tgz",
      "integrity": "sha1-B8oYIrneAAH1/3NZXz0IxPcg644="
    },
    "tiny-invariant": {
      "version": "1.1.0",
      "resolved": "https://registry.npm.taobao.org/tiny-invariant/download/tiny-invariant-1.1.0.tgz",
      "integrity": "sha1-Y0xfjv3CdxS384bDXmdgmR0jCHU="
    },
    "tiny-warning": {
      "version": "1.0.3",
      "resolved": "https://registry.npm.taobao.org/tiny-warning/download/tiny-warning-1.0.3.tgz",
      "integrity": "sha1-lKMNtFPfTGQ9D9VmBg1gqHXYR1Q="
    },
    "toposort": {
      "version": "2.0.2",
      "resolved": "https://registry.npm.taobao.org/toposort/download/toposort-2.0.2.tgz",
      "integrity": "sha1-riF2gXXRVZ1IvvNUILL0li8JwzA="
    },
    "trim-newlines": {
      "version": "3.0.0",
      "resolved": "https://registry.npm.taobao.org/trim-newlines/download/trim-newlines-3.0.0.tgz",
      "integrity": "sha1-eXJjBKaomKqDc0JymNVMLuixyzA="
    },
    "type-fest": {
      "version": "0.12.0",
      "resolved": "https://registry.npm.taobao.org/type-fest/download/type-fest-0.12.0.tgz?cache=0&sync_timestamp=1602624219511&other_urls=https%3A%2F%2Fregistry.npm.taobao.org%2Ftype-fest%2Fdownload%2Ftype-fest-0.12.0.tgz",
      "integrity": "sha1-9Xonq4HGjRNqUf1xRn7/lBV/oe4="
    },
    "validate-npm-package-license": {
      "version": "3.0.4",
      "resolved": "https://registry.npm.taobao.org/validate-npm-package-license/download/validate-npm-package-license-3.0.4.tgz",
      "integrity": "sha1-/JH2uce6FchX9MssXe/uw51PQQo=",
      "requires": {
        "spdx-correct": "^3.0.0",
        "spdx-expression-parse": "^3.0.0"
      }
    },
    "value-equal": {
      "version": "1.0.1",
      "resolved": "https://registry.npm.taobao.org/value-equal/download/value-equal-1.0.1.tgz",
      "integrity": "sha1-Hgt5THNMXAyt4XnEN9NW2TGjTWw="
    },
    "widest-line": {
      "version": "3.1.0",
      "resolved": "https://registry.npm.taobao.org/widest-line/download/widest-line-3.1.0.tgz",
      "integrity": "sha1-gpIzO79my0X/DeFgOxNreuFJbso=",
      "requires": {
        "string-width": "^4.0.0"
      }
    },
    "wrap-ansi": {
      "version": "6.2.0",
      "resolved": "https://registry.npm.taobao.org/wrap-ansi/download/wrap-ansi-6.2.0.tgz",
      "integrity": "sha1-6Tk7oHEC5skaOyIUePAlfNKFblM=",
      "requires": {
        "ansi-styles": "^4.0.0",
        "string-width": "^4.1.0",
        "strip-ansi": "^6.0.0"
      }
    },
    "ws": {
      "version": "7.3.1",
      "resolved": "https://registry.npm.taobao.org/ws/download/ws-7.3.1.tgz?cache=0&sync_timestamp=1593925601875&other_urls=https%3A%2F%2Fregistry.npm.taobao.org%2Fws%2Fdownload%2Fws-7.3.1.tgz",
      "integrity": "sha1-0FR79n985PEqct/jEmLGjX3FUcg="
    },
    "yargs-parser": {
      "version": "18.1.3",
      "resolved": "https://registry.npm.taobao.org/yargs-parser/download/yargs-parser-18.1.3.tgz?cache=0&sync_timestamp=1602700311095&other_urls=https%3A%2F%2Fregistry.npm.taobao.org%2Fyargs-parser%2Fdownload%2Fyargs-parser-18.1.3.tgz",
      "integrity": "sha1-vmjEl1xrKr9GkjawyHA2L6sJp7A=",
      "requires": {
        "camelcase": "^5.0.0",
        "decamelize": "^1.2.0"
      }
    },
    "yoga-layout-prebuilt": {
      "version": "1.10.0",
      "resolved": "https://registry.npm.taobao.org/yoga-layout-prebuilt/download/yoga-layout-prebuilt-1.10.0.tgz",
      "integrity": "sha1-KTb7r0s2KO4LPjsd9Ek21sFG+qY=",
      "requires": {
        "@types/yoga-layout": "1.9.2"
      }
    },
    "yup": {
      "version": "0.29.3",
      "resolved": "https://registry.npm.taobao.org/yup/download/yup-0.29.3.tgz?cache=0&sync_timestamp=1596545228260&other_urls=https%3A%2F%2Fregistry.npm.taobao.org%2Fyup%2Fdownload%2Fyup-0.29.3.tgz",
      "integrity": "sha1-aaMP0/HBn12eMbHPHCuFHOgEX+o=",
      "requires": {
        "@babel/runtime": "^7.10.5",
        "fn-name": "~3.0.0",
        "lodash": "^4.17.15",
        "lodash-es": "^4.17.11",
        "property-expr": "^2.0.2",
        "synchronous-promise": "^2.0.13",
        "toposort": "^2.0.2"
      }
    }
  }
}
